
Microsoft Visual Studio Solution File, Format Version 12.00
# Visual Studio Version 17
VisualStudioVersion = 17.1.32407.343
MinimumVisualStudioVersion = 10.0.40219.1
Project("{FAE04EC0-301F-11D3-BF4B-00C04F79EFBC}") = "VORP.Housing.Client", "VORP.Housing.Client\VORP.Housing.Client.csproj", "{17AF40E5-471C-49D0-A7C6-25E85CBE814A}"
EndProject
Project("{FAE04EC0-301F-11D3-BF4B-00C04F79EFBC}") = "VORP.Housing.Server", "VORP.Housing.Server\VORP.Housing.Server.csproj", "{979093AE-8318-462C-93AB-C25F21C0AEFA}"
EndProject
Project("{D954291E-2A0B-460D-934E-DC6B0785DB48}") = "VORP.Housing.Shared", "VORP.Housing.Shared\VORP.Housing.Shared.shproj", "{B5DF659F-3FC5-4806-A348-27E9F0C60DA1}"
EndProject
Global
	GlobalSection(SharedMSBuildProjectFiles) = preSolution
		VORP.Housing.Shared\VORP.Housing.Shared.projitems*{17af40e5-471c-49d0-a7c6-25e85cbe814a}*SharedItemsImports = 4
		VORP.Housing.Shared\VORP.Housing.Shared.projitems*{979093ae-8318-462c-93ab-c25f21c0aefa}*SharedItemsImports = 4
		VORP.Housing.Shared\VORP.Housing.Shared.projitems*{b5df659f-3fc5-4806-a348-27e9f0c60da1}*SharedItemsImports = 13
	EndGlobalSection
	GlobalSection(SolutionConfigurationPlatforms) = preSolution
		Debug|Any CPU = Debug|Any CPU
		Development|Any CPU = Development|Any CPU
		Release|Any CPU = Release|Any CPU
	EndGlobalSection
	GlobalSection(ProjectConfigurationPlatforms) = postSolution
		{17AF40E5-471C-49D0-A7C6-25E85CBE814A}.Debug|Any CPU.ActiveCfg = Debug|Any CPU
		{17AF40E5-471C-49D0-A7C6-25E85CBE814A}.Debug|Any CPU.Build.0 = Debug|Any CPU
		{17AF40E5-471C-49D0-A7C6-25E85CBE814A}.Development|Any CPU.ActiveCfg = Development|Any CPU
		{17AF40E5-471C-49D0-A7C6-25E85CBE814A}.Development|Any CPU.Build.0 = Development|Any CPU
		{17AF40E5-471C-49D0-A7C6-25E85CBE814A}.Release|Any CPU.ActiveCfg = Release|Any CPU
		{17AF40E5-471C-49D0-A7C6-25E85CBE814A}.Release|Any CPU.Build.0 = Release|Any CPU
		{979093AE-8318-462C-93AB-C25F21C0AEFA}.Debug|Any CPU.ActiveCfg = Debug|Any CPU
		{979093AE-8318-462C-93AB-C25F21C0AEFA}.Debug|Any CPU.Build.0 = Debug|Any CPU
		{979093AE-8318-462C-93AB-C25F21C0AEFA}.Development|Any CPU.ActiveCfg = Development|Any CPU
		{979093AE-8318-462C-93AB-C25F21C0AEFA}.Development|Any CPU.Build.0 = Development|Any CPU
		{979093AE-8318-462C-93AB-C25F21C0AEFA}.Release|Any CPU.ActiveCfg = Release|Any CPU
		{979093AE-8318-462C-93AB-C25F21C0AEFA}.Release|Any CPU.Build.0 = Release|Any CPU
	EndGlobalSection
	GlobalSection(SolutionProperties) = preSolution
		HideSolutionNode = FALSE
	EndGlobalSection
	GlobalSection(ExtensibilityGlobals) = postSolution
		SolutionGuid = {06EE1B80-9A43-40B0-9327-6B3D85C472D7}
	EndGlobalSection
EndGlobal
